hash: e14aa55c906bc99725ba548129e1a2f14f3f7fa5f50fab9e6dd476f1d7b1e9b9
updated: 2017-10-12T14:57:12.195116343+08:00
imports:
- name: github.com/golang/glog
  version: 44145f04b68cf362d9c4df2182967c2275eaefed
- name: github.com/gorilla/context
  version: 08b5f424b9271eedf6f9f0ce86cb9396ed337a42
- name: github.com/gorilla/mux
  version: 8096f47503459bcc74d1f4c487b7e6e42e5746b5
- name: github.com/kubernetes-incubator/service-catalog
  version: 8bb631f979a2e0b3afcb8ba495f9f6e431181267
  subpackages:
  - contrib/pkg/broker/controller
  - contrib/pkg/broker/server
  - contrib/pkg/brokerapi
  - pkg
  - pkg/brokerapi
  - pkg/util
- name: github.com/spf13/pflag
  version: 9ff6c6923cfffbcd502984b8e0c80539a94968b7
testImports: []
